
Microsoft Visual Studio Solution File, Format Version 12.00
# Visual Studio Version 16
VisualStudioVersion = 16.0.30204.135
MinimumVisualStudioVersion = 10.0.40219.1
Project("{9A19103F-16F7-4668-BE54-9A1E7A4F7556}") = "Presentation", "src\Presentation\Presentation.csproj", "{E9527127-DA14-41A7-A3C1-D6EE60FA63AC}"
EndProject
Project("{2150E333-8FDC-42A3-9474-1A3956D46DE8}") = "src", "src", "{5E14C745-57F9-47AF-BBC0-F12FD9D06E9E}"
EndProject
Project("{2150E333-8FDC-42A3-9474-1A3956D46DE8}") = "tst", "tst", "{47F6825B-4E66-4970-8C09-928E5F992822}"
EndProject
Project("{9A19103F-16F7-4668-BE54-9A1E7A4F7556}") = "PresentationTest", "tst\PresentationTest\PresentationTest.csproj", "{00E8C2D6-15C7-4B99-B0E5-5144CB6C3F85}"
EndProject
Project("{9A19103F-16F7-4668-BE54-9A1E7A4F7556}") = "PushshiftAPI", "src\PushshiftAPI\PushshiftAPI.csproj", "{C4929ECD-6DF0-4833-8E52-4B50CDAC29BB}"
EndProject
Project("{2150E333-8FDC-42A3-9474-1A3956D46DE8}") = "Solution Items", "Solution Items", "{C124FCA4-F7AE-4DCC-BBFA-F15D04005BE3}"
	ProjectSection(SolutionItems) = preProject
		.editorconfig = .editorconfig
	EndProjectSection
EndProject
Project("{9A19103F-16F7-4668-BE54-9A1E7A4F7556}") = "Service", "src\Service\Service.csproj", "{8FD31802-EA4D-4C71-B5C3-0687B24C614E}"
EndProject
Project("{9A19103F-16F7-4668-BE54-9A1E7A4F7556}") = "Domain", "src\Domain\Domain.csproj", "{8041C879-761F-498F-8FE3-16597B08BE40}"
EndProject
Project("{9A19103F-16F7-4668-BE54-9A1E7A4F7556}") = "ServiceTest", "tst\ServiceTest\ServiceTest.csproj", "{056EF98D-E6BC-4E29-98E9-65ABC106CD65}"
EndProject
Project("{FAE04EC0-301F-11D3-BF4B-00C04F79EFBC}") = "DomainTest", "tst\DomainTest\DomainTest.csproj", "{8EB79145-9340-458D-B488-FE49FBC7FFB9}"
EndProject
Project("{FAE04EC0-301F-11D3-BF4B-00C04F79EFBC}") = "TestEnvironment", "tst\TestEnvironment\TestEnvironment.csproj", "{EAF8D9B7-ED5C-41ED-BA16-97EBC94F9524}"
EndProject
Global
	GlobalSection(SolutionConfigurationPlatforms) = preSolution
		Debug|Any CPU = Debug|Any CPU
		Release|Any CPU = Release|Any CPU
	EndGlobalSection
	GlobalSection(ProjectConfigurationPlatforms) = postSolution
		{E9527127-DA14-41A7-A3C1-D6EE60FA63AC}.Debug|Any CPU.ActiveCfg = Debug|Any CPU
		{E9527127-DA14-41A7-A3C1-D6EE60FA63AC}.Debug|Any CPU.Build.0 = Debug|Any CPU
		{E9527127-DA14-41A7-A3C1-D6EE60FA63AC}.Release|Any CPU.ActiveCfg = Release|Any CPU
		{E9527127-DA14-41A7-A3C1-D6EE60FA63AC}.Release|Any CPU.Build.0 = Release|Any CPU
		{00E8C2D6-15C7-4B99-B0E5-5144CB6C3F85}.Debug|Any CPU.ActiveCfg = Debug|Any CPU
		{00E8C2D6-15C7-4B99-B0E5-5144CB6C3F85}.Debug|Any CPU.Build.0 = Debug|Any CPU
		{00E8C2D6-15C7-4B99-B0E5-5144CB6C3F85}.Release|Any CPU.ActiveCfg = Release|Any CPU
		{00E8C2D6-15C7-4B99-B0E5-5144CB6C3F85}.Release|Any CPU.Build.0 = Release|Any CPU
		{C4929ECD-6DF0-4833-8E52-4B50CDAC29BB}.Debug|Any CPU.ActiveCfg = Debug|Any CPU
		{C4929ECD-6DF0-4833-8E52-4B50CDAC29BB}.Debug|Any CPU.Build.0 = Debug|Any CPU
		{C4929ECD-6DF0-4833-8E52-4B50CDAC29BB}.Release|Any CPU.ActiveCfg = Release|Any CPU
		{C4929ECD-6DF0-4833-8E52-4B50CDAC29BB}.Release|Any CPU.Build.0 = Release|Any CPU
		{8FD31802-EA4D-4C71-B5C3-0687B24C614E}.Debug|Any CPU.ActiveCfg = Debug|Any CPU
		{8FD31802-EA4D-4C71-B5C3-0687B24C614E}.Debug|Any CPU.Build.0 = Debug|Any CPU
		{8FD31802-EA4D-4C71-B5C3-0687B24C614E}.Release|Any CPU.ActiveCfg = Release|Any CPU
		{8FD31802-EA4D-4C71-B5C3-0687B24C614E}.Release|Any CPU.Build.0 = Release|Any CPU
		{8041C879-761F-498F-8FE3-16597B08BE40}.Debug|Any CPU.ActiveCfg = Debug|Any CPU
		{8041C879-761F-498F-8FE3-16597B08BE40}.Debug|Any CPU.Build.0 = Debug|Any CPU
		{8041C879-761F-498F-8FE3-16597B08BE40}.Release|Any CPU.ActiveCfg = Release|Any CPU
		{8041C879-761F-498F-8FE3-16597B08BE40}.Release|Any CPU.Build.0 = Release|Any CPU
		{056EF98D-E6BC-4E29-98E9-65ABC106CD65}.Debug|Any CPU.ActiveCfg = Debug|Any CPU
		{056EF98D-E6BC-4E29-98E9-65ABC106CD65}.Debug|Any CPU.Build.0 = Debug|Any CPU
		{056EF98D-E6BC-4E29-98E9-65ABC106CD65}.Release|Any CPU.ActiveCfg = Release|Any CPU
		{056EF98D-E6BC-4E29-98E9-65ABC106CD65}.Release|Any CPU.Build.0 = Release|Any CPU
		{8EB79145-9340-458D-B488-FE49FBC7FFB9}.Debug|Any CPU.ActiveCfg = Debug|Any CPU
		{8EB79145-9340-458D-B488-FE49FBC7FFB9}.Debug|Any CPU.Build.0 = Debug|Any CPU
		{8EB79145-9340-458D-B488-FE49FBC7FFB9}.Release|Any CPU.ActiveCfg = Release|Any CPU
		{8EB79145-9340-458D-B488-FE49FBC7FFB9}.Release|Any CPU.Build.0 = Release|Any CPU
		{EAF8D9B7-ED5C-41ED-BA16-97EBC94F9524}.Debug|Any CPU.ActiveCfg = Debug|Any CPU
		{EAF8D9B7-ED5C-41ED-BA16-97EBC94F9524}.Debug|Any CPU.Build.0 = Debug|Any CPU
		{EAF8D9B7-ED5C-41ED-BA16-97EBC94F9524}.Release|Any CPU.ActiveCfg = Release|Any CPU
		{EAF8D9B7-ED5C-41ED-BA16-97EBC94F9524}.Release|Any CPU.Build.0 = Release|Any CPU
	EndGlobalSection
	GlobalSection(SolutionProperties) = preSolution
		HideSolutionNode = FALSE
	EndGlobalSection
	GlobalSection(NestedProjects) = preSolution
		{E9527127-DA14-41A7-A3C1-D6EE60FA63AC} = {5E14C745-57F9-47AF-BBC0-F12FD9D06E9E}
		{00E8C2D6-15C7-4B99-B0E5-5144CB6C3F85} = {47F6825B-4E66-4970-8C09-928E5F992822}
		{C4929ECD-6DF0-4833-8E52-4B50CDAC29BB} = {5E14C745-57F9-47AF-BBC0-F12FD9D06E9E}
		{8FD31802-EA4D-4C71-B5C3-0687B24C614E} = {5E14C745-57F9-47AF-BBC0-F12FD9D06E9E}
		{8041C879-761F-498F-8FE3-16597B08BE40} = {5E14C745-57F9-47AF-BBC0-F12FD9D06E9E}
		{056EF98D-E6BC-4E29-98E9-65ABC106CD65} = {47F6825B-4E66-4970-8C09-928E5F992822}
		{8EB79145-9340-458D-B488-FE49FBC7FFB9} = {47F6825B-4E66-4970-8C09-928E5F992822}
		{EAF8D9B7-ED5C-41ED-BA16-97EBC94F9524} = {47F6825B-4E66-4970-8C09-928E5F992822}
	EndGlobalSection
	GlobalSection(ExtensibilityGlobals) = postSolution
		SolutionGuid = {DD6FAB0C-9008-4F23-8ED5-5CAA55ACF626}
	EndGlobalSection
EndGlobal
